// !$*UTF8*$!
{
	archiveVersion = 1;
	classes = {
	};
	objectVersion = 46;
	objects = {

/* Begin PBXBuildFile section */
		5DFC87981A75E4470037972D /* AppDelegate.m in Sources */ = {isa = PBXBuildFile; fileRef = 5DFC87971A75E4470037972D /* AppDelegate.m */; };
		5DFC879A1A75E4470037972D /* main.m in Sources */ = {isa = PBXBuildFile; fileRef = 5DFC87991A75E4470037972D /* main.m */; };
		5DFC879C1A75E4470037972D /* Images.xcassets in Resources */ = {isa = PBXBuildFile; fileRef = 5DFC879B1A75E4470037972D /* Images.xcassets */; };
		5DFC879F1A75E4470037972D /* MainMenu.xib in Resources */ = {isa = PBXBuildFile; fileRef = 5DFC879D1A75E4470037972D /* MainMenu.xib */; };
		5DFC87B61A75E5120037972D /* NSView+Center.m in Sources */ = {isa = PBXBuildFile; fileRef = 5DFC87B31A75E5120037972D /* NSView+Center.m */; };
		5DFC87B71A75E5120037972D /* NSView+NSViewAnimationWithBlocks.m in Sources */ = {isa = PBXBuildFile; fileRef = 5DFC87B51A75E5120037972D /* NSView+NSViewAnimationWithBlocks.m */; };
		5DFC87BB1A75E5260037972D /* SKColor+BFPaperColors.m in Sources */ = {isa = PBXBuildFile; fileRef = 5DFC87BA1A75E5260037972D /* SKColor+BFPaperColors.m */; };
		5DFC87BF1A75E5A20037972D /* BFPaperCheckbox.m in Sources */ = {isa = PBXBuildFile; fileRef = 5DFC87BE1A75E5A20037972D /* BFPaperCheckbox.m */; };
/* End PBXBuildFile section */

/* Begin PBXContainerItemProxy section */
		5DFC87F11A75E81C0037972D /* PBXContainerItemProxy */ = {
			isa = PBXContainerItemProxy;
			containerPortal = 5DFC87ED1A75E81B0037972D /* XUIKit.xcodeproj */;
			proxyType = 2;
			remoteGlobalIDString = 551008D3159BEE4000C86022;
			remoteInfo = XUIKit;
		};
		5DFC87F31A75E8230037972D /* PBXContainerItemProxy */ = {
			isa = PBXContainerItemProxy;
			containerPortal = 5DFC87ED1A75E81B0037972D /* XUIKit.xcodeproj */;
			proxyType = 1;
			remoteGlobalIDString = 551008D2159BEE4000C86022;
			remoteInfo = XUIKit;
		};
/* End PBXContainerItemProxy section */

/* Begin PBXFileReference section */
		310F0A0849B0F619F618C090 /* Pods.release.xcconfig */ = {isa = PBXFileReference; includeInIndex = 1; lastKnownFileType = text.xcconfig; name = Pods.release.xcconfig; path = "Pods/Target Support Files/Pods/Pods.release.xcconfig"; sourceTree = "<group>"; };
		5DFC87921A75E4470037972D /* test.app */ = {isa = PBXFileReference; explicitFileType = wrapper.application; includeInIndex = 0; path = test.app; sourceTree = BUILT_PRODUCTS_DIR; };
		5DFC87951A75E4470037972D /* Info.plist */ = {isa = PBXFileReference; lastKnownFileType = text.plist.xml; path = Info.plist; sourceTree = "<group>"; };
		5DFC87961A75E4470037972D /* AppDelegate.h */ = {isa = PBXFileReference; lastKnownFileType = sourcecode.c.h; path = AppDelegate.h; sourceTree = "<group>"; };
		5DFC87971A75E4470037972D /* AppDelegate.m */ = {isa = PBXFileReference; lastKnownFileType = sourcecode.c.objc; path = AppDelegate.m; sourceTree = "<group>"; };
		5DFC87991A75E4470037972D /* main.m */ = {isa = PBXFileReference; lastKnownFileType = sourcecode.c.objc; path = main.m; sourceTree = "<group>"; };
		5DFC879B1A75E4470037972D /* Images.xcassets */ = {isa = PBXFileReference; lastKnownFileType = folder.assetcatalog; path = Images.xcassets; sourceTree = "<group>"; };
		5DFC879E1A75E4470037972D /* Base */ = {isa = PBXFileReference; lastKnownFileType = file.xib; name = Base; path = Base.lproj/MainMenu.xib; sourceTree = "<group>"; };
		5DFC87B21A75E5120037972D /* NSView+Center.h */ = {isa = PBXFileReference; fileEncoding = 4; lastKnownFileType = sourcecode.c.h; name = "NSView+Center.h"; path = "Classes/NSView+Center.h"; sourceTree = SOURCE_ROOT; };
		5DFC87B31A75E5120037972D /* NSView+Center.m */ = {isa = PBXFileReference; fileEncoding = 4; lastKnownFileType = sourcecode.c.objc; name = "NSView+Center.m"; path = "Classes/NSView+Center.m"; sourceTree = SOURCE_ROOT; };
		5DFC87B41A75E5120037972D /* NSView+NSViewAnimationWithBlocks.h */ = {isa = PBXFileReference; fileEncoding = 4; lastKnownFileType = sourcecode.c.h; name = "NSView+NSViewAnimationWithBlocks.h"; path = "Classes/NSView+NSViewAnimationWithBlocks.h"; sourceTree = SOURCE_ROOT; };
		5DFC87B51A75E5120037972D /* NSView+NSViewAnimationWithBlocks.m */ = {isa = PBXFileReference; fileEncoding = 4; lastKnownFileType = sourcecode.c.objc; name = "NSView+NSViewAnimationWithBlocks.m"; path = "Classes/NSView+NSViewAnimationWithBlocks.m"; sourceTree = SOURCE_ROOT; };
		5DFC87B91A75E5260037972D /* SKColor+BFPaperColors.h */ = {isa = PBXFileReference; fileEncoding = 4; lastKnownFileType = sourcecode.c.h; path = "SKColor+BFPaperColors.h"; sourceTree = "<group>"; };
		5DFC87BA1A75E5260037972D /* SKColor+BFPaperColors.m */ = {isa = PBXFileReference; fileEncoding = 4; lastKnownFileType = sourcecode.c.objc; path = "SKColor+BFPaperColors.m"; sourceTree = "<group>"; };
		5DFC87BC1A75E5610037972D /* const.h */ = {isa = PBXFileReference; lastKnownFileType = sourcecode.c.h; path = const.h; sourceTree = "<group>"; };
		5DFC87BD1A75E5A20037972D /* BFPaperCheckbox.h */ = {isa = PBXFileReference; fileEncoding = 4; lastKnownFileType = sourcecode.c.h; name = BFPaperCheckbox.h; path = Classes/BFPaperCheckbox.h; sourceTree = SOURCE_ROOT; };
		5DFC87BE1A75E5A20037972D /* BFPaperCheckbox.m */ = {isa = PBXFileReference; fileEncoding = 4; lastKnownFileType = sourcecode.c.objc; name = BFPaperCheckbox.m; path = Classes/BFPaperCheckbox.m; sourceTree = SOURCE_ROOT; };
		5DFC87ED1A75E81B0037972D /* XUIKit.xcodeproj */ = {isa = PBXFileReference; lastKnownFileType = "wrapper.pb-project"; name = XUIKit.xcodeproj; path = XUIKit/XUIKit.xcodeproj; sourceTree = "<group>"; };
		602CF9DE86B0404FB592F68F /* libPods.a */ = {isa = PBXFileReference; explicitFileType = archive.ar; includeInIndex = 0; path = libPods.a; sourceTree = BUILT_PRODUCTS_DIR; };
		780E8E02486A929FCDF700EB /* Pods.debug.xcconfig */ = {isa = PBXFileReference; includeInIndex = 1; lastKnownFileType = text.xcconfig; name = Pods.debug.xcconfig; path = "Pods/Target Support Files/Pods/Pods.debug.xcconfig"; sourceTree = "<group>"; };
		F40AB592197DE209008EC959 /* Foundation.framework */ = {isa = PBXFileReference; lastKnownFileType = wrapper.framework; name = Foundation.framework; path = System/Library/Frameworks/Foundation.framework; sourceTree = SDKROOT; };
		F40AB594197DE209008EC959 /* CoreGraphics.framework */ = {isa = PBXFileReference; lastKnownFileType = wrapper.framework; name = CoreGraphics.framework; path = System/Library/Frameworks/CoreGraphics.framework; sourceTree = SDKROOT; };
		F40AB596197DE209008EC959 /* UIKit.framework */ = {isa = PBXFileReference; lastKnownFileType = wrapper.framework; name = UIKit.framework; path = System/Library/Frameworks/UIKit.framework; sourceTree = SDKROOT; };
		F40AB5B1197DE209008EC959 /* XCTest.framework */ = {isa = PBXFileReference; lastKnownFileType = wrapper.framework; name = XCTest.framework; path = Library/Frameworks/XCTest.framework; sourceTree = DEVELOPER_DIR; };
		F40AB5C8197DE2CB008EC959 /* BFPaperCheckbox.m */ = {isa = PBXFileReference; fileEncoding = 4; lastKnownFileType = sourcecode.c.objc; name = BFPaperCheckbox.m; path = Classes/BFPaperCheckbox.m; sourceTree = SOURCE_ROOT; };
/* End PBXFileReference section */

/* Begin PBXFrameworksBuildPhase section */
		5DFC878F1A75E4470037972D /* Frameworks */ = {
			isa = PBXFrameworksBuildPhase;
			buildActionMask = 2147483647;
			files = (
			);
			runOnlyForDeploymentPostprocessing = 0;
		};
/* End PBXFrameworksBuildPhase section */

/* Begin PBXGroup section */
		5DFC87931A75E4470037972D /* test */ = {
			isa = PBXGroup;
			children = (
				F40AB5C8197DE2CB008EC959 /* BFPaperCheckbox.m */,
				5DFC87961A75E4470037972D /* AppDelegate.h */,
				5DFC87971A75E4470037972D /* AppDelegate.m */,
				5DFC879B1A75E4470037972D /* Images.xcassets */,
				5DFC879D1A75E4470037972D /* MainMenu.xib */,
				5DFC87941A75E4470037972D /* Supporting Files */,
			);
			path = test;
			sourceTree = "<group>";
		};
		5DFC87941A75E4470037972D /* Supporting Files */ = {
			isa = PBXGroup;
			children = (
				5DFC87951A75E4470037972D /* Info.plist */,
				5DFC87991A75E4470037972D /* main.m */,
			);
			name = "Supporting Files";
			sourceTree = "<group>";
		};
		5DFC87B81A75E5260037972D /* SKColor+BFPaperColors */ = {
			isa = PBXGroup;
			children = (
				5DFC87B91A75E5260037972D /* SKColor+BFPaperColors.h */,
				5DFC87BA1A75E5260037972D /* SKColor+BFPaperColors.m */,
			);
			path = "SKColor+BFPaperColors";
			sourceTree = SOURCE_ROOT;
		};
		5DFC87EE1A75E81B0037972D /* Products */ = {
			isa = PBXGroup;
			children = (
				5DFC87F21A75E81C0037972D /* XUIKit.framework */,
			);
			name = Products;
			sourceTree = "<group>";
		};
		9EE40031810844B39F5CB9CA /* Pods */ = {
			isa = PBXGroup;
			children = (
				780E8E02486A929FCDF700EB /* Pods.debug.xcconfig */,
				310F0A0849B0F619F618C090 /* Pods.release.xcconfig */,
			);
			name = Pods;
			sourceTree = "<group>";
		};
		F40AB586197DE209008EC959 = {
			isa = PBXGroup;
			children = (
				5DFC87ED1A75E81B0037972D /* XUIKit.xcodeproj */,
				F40AB598197DE209008EC959 /* BFPaperCheckbox */,
				5DFC87931A75E4470037972D /* test */,
				F40AB591197DE209008EC959 /* Frameworks */,
				F40AB590197DE209008EC959 /* Products */,
				9EE40031810844B39F5CB9CA /* Pods */,
			);
			sourceTree = "<group>";
		};
		F40AB590197DE209008EC959 /* Products */ = {
			isa = PBXGroup;
			children = (
				5DFC87921A75E4470037972D /* test.app */,
			);
			name = Products;
			sourceTree = "<group>";
		};
		F40AB591197DE209008EC959 /* Frameworks */ = {
			isa = PBXGroup;
			children = (
				F40AB592197DE209008EC959 /* Foundation.framework */,
				F40AB594197DE209008EC959 /* CoreGraphics.framework */,
				F40AB596197DE209008EC959 /* UIKit.framework */,
				F40AB5B1197DE209008EC959 /* XCTest.framework */,
				602CF9DE86B0404FB592F68F /* libPods.a */,
			);
			name = Frameworks;
			sourceTree = "<group>";
		};
		F40AB598197DE209008EC959 /* BFPaperCheckbox */ = {
			isa = PBXGroup;
			children = (
				5DFC87B81A75E5260037972D /* SKColor+BFPaperColors */,
				F40AB5CA197DE2CF008EC959 /* Classes */,
				5DFC87BC1A75E5610037972D /* const.h */,
			);
			path = BFPaperCheckbox;
			sourceTree = "<group>";
		};
		F40AB5CA197DE2CF008EC959 /* Classes */ = {
			isa = PBXGroup;
			children = (
				5DFC87BD1A75E5A20037972D /* BFPaperCheckbox.h */,
				5DFC87BE1A75E5A20037972D /* BFPaperCheckbox.m */,
				5DFC87B21A75E5120037972D /* NSView+Center.h */,
				5DFC87B31A75E5120037972D /* NSView+Center.m */,
				5DFC87B41A75E5120037972D /* NSView+NSViewAnimationWithBlocks.h */,
				5DFC87B51A75E5120037972D /* NSView+NSViewAnimationWithBlocks.m */,
			);
			name = Classes;
			sourceTree = "<group>";
		};
/* End PBXGroup section */

/* Begin PBXNativeTarget section */
		5DFC87911A75E4470037972D /* test */ = {
			isa = PBXNativeTarget;
			buildConfigurationList = 5DFC87AC1A75E4470037972D /* Build configuration list for PBXNativeTarget "test" */;
			buildPhases = (
				5DFC878E1A75E4470037972D /* Sources */,
				5DFC878F1A75E4470037972D /* Frameworks */,
				5DFC87901A75E4470037972D /* Resources */,
			);
			buildRules = (
			);
			dependencies = (
				5DFC87F41A75E8230037972D /* PBXTargetDependency */,
			);
			name = test;
			productName = test;
			productReference = 5DFC87921A75E4470037972D /* test.app */;
			productType = "com.apple.product-type.application";
		};
/* End PBXNativeTarget section */

/* Begin PBXProject section */
		F40AB587197DE209008EC959 /* Project object */ = {
			isa = PBXProject;
			attributes = {
				CLASSPREFIX = BFPaper;
				LastUpgradeCheck = 0510;
				ORGANIZATIONNAME = "Bence Feher";
				TargetAttributes = {
					5DFC87911A75E4470037972D = {
						CreatedOnToolsVersion = 6.1.1;
					};
				};
			};
			buildConfigurationList = F40AB58A197DE209008EC959 /* Build configuration list for PBXProject "BFPaperCheckbox" */;
			compatibilityVersion = "Xcode 3.2";
			developmentRegion = English;
			hasScannedForEncodings = 0;
			knownRegions = (
				en,
				Base,
			);
			mainGroup = F40AB586197DE209008EC959;
			productRefGroup = F40AB590197DE209008EC959 /* Products */;
			projectDirPath = "";
			projectReferences = (
				{
					ProductGroup = 5DFC87EE1A75E81B0037972D /* Products */;
					ProjectRef = 5DFC87ED1A75E81B0037972D /* XUIKit.xcodeproj */;
				},
			);
			projectRoot = "";
			targets = (
				5DFC87911A75E4470037972D /* test */,
			);
		};
/* End PBXProject section */

/* Begin PBXReferenceProxy section */
		5DFC87F21A75E81C0037972D /* XUIKit.framework */ = {
			isa = PBXReferenceProxy;
			fileType = wrapper.framework;
			path = XUIKit.framework;
			remoteRef = 5DFC87F11A75E81C0037972D /* PBXContainerItemProxy */;
			sourceTree = BUILT_PRODUCTS_DIR;
		};
/* End PBXReferenceProxy section */

/* Begin PBXResourcesBuildPhase section */
		5DFC87901A75E4470037972D /* Resources */ = {
			isa = PBXResourcesBuildPhase;
			buildActionMask = 2147483647;
			files = (
				5DFC879C1A75E4470037972D /* Images.xcassets in Resources */,
				5DFC879F1A75E4470037972D /* MainMenu.xib in Resources */,
			);
			runOnlyForDeploymentPostprocessing = 0;
		};
/* End PBXResourcesBuildPhase section */

/* Begin PBXSourcesBuildPhase section */
		5DFC878E1A75E4470037972D /* Sources */ = {
			isa = PBXSourcesBuildPhase;
			buildActionMask = 2147483647;
			files = (
				5DFC879A1A75E4470037972D /* main.m in Sources */,
				5DFC87B61A75E5120037972D /* NSView+Center.m in Sources */,
				5DFC87B71A75E5120037972D /* NSView+NSViewAnimationWithBlocks.m in Sources */,
				5DFC87BF1A75E5A20037972D /* BFPaperCheckbox.m in Sources */,
				5DFC87981A75E4470037972D /* AppDelegate.m in Sources */,
				5DFC87BB1A75E5260037972D /* SKColor+BFPaperColors.m in Sources */,
			);
			runOnlyForDeploymentPostprocessing = 0;
		};
/* End PBXSourcesBuildPhase section */

/* Begin PBXTargetDependency section */
		5DFC87F41A75E8230037972D /* PBXTargetDependency */ = {
			isa = PBXTargetDependency;
			name = XUIKit;
			targetProxy = 5DFC87F31A75E8230037972D /* PBXContainerItemProxy */;
		};
/* End PBXTargetDependency section */

/* Begin PBXVariantGroup section */
		5DFC879D1A75E4470037972D /* MainMenu.xib */ = {
			isa = PBXVariantGroup;
			children = (
				5DFC879E1A75E4470037972D /* Base */,
			);
			name = MainMenu.xib;
			sourceTree = "<group>";
		};
/* End PBXVariantGroup section */

/* Begin XCBuildConfiguration section */
		5DFC87AD1A75E4470037972D /* Debug */ = {
			isa = XCBuildConfiguration;
			buildSettings = {
				ASSETCATALOG_COMPILER_APPICON_NAME = AppIcon;
				CLANG_WARN_UNREACHABLE_CODE = YES;
				CODE_SIGN_IDENTITY = "-";
				COMBINE_HIDPI_IMAGES = YES;
				ENABLE_STRICT_OBJC_MSGSEND = YES;
				FRAMEWORK_SEARCH_PATHS = (
					"$(inherited)",
					"$(PROJECT_DIR)/Classes",
					"$(PROJECT_DIR)",
				);
				GCC_PREPROCESSOR_DEFINITIONS = (
					"DEBUG=1",
					"$(inherited)",
				);
				INFOPLIST_FILE = test/Info.plist;
				LD_RUNPATH_SEARCH_PATHS = "$(inherited) @executable_path/../Frameworks";
				MACOSX_DEPLOYMENT_TARGET = 10.10;
				MTL_ENABLE_DEBUG_INFO = YES;
				PRODUCT_NAME = "$(TARGET_NAME)";
				SDKROOT = macosx;
			};
			name = Debug;
		};
		5DFC87AE1A75E4470037972D /* Release */ = {
			isa = XCBuildConfiguration;
			buildSettings = {
				ASSETCATALOG_COMPILER_APPICON_NAME = AppIcon;
				CLANG_WARN_UNREACHABLE_CODE = YES;
				CODE_SIGN_IDENTITY = "-";
				COMBINE_HIDPI_IMAGES = YES;
				DEBUG_INFORMATION_FORMAT = "dwarf-with-dsym";
				ENABLE_STRICT_OBJC_MSGSEND = YES;
				FRAMEWORK_SEARCH_PATHS = (
					"$(inherited)",
					"$(PROJECT_DIR)/Classes",
					"$(PROJECT_DIR)",
				);
				INFOPLIST_FILE = test/Info.plist;
				LD_RUNPATH_SEARCH_PATHS = "$(inherited) @executable_path/../Frameworks";
				MACOSX_DEPLOYMENT_TARGET = 10.10;
				MTL_ENABLE_DEBUG_INFO = NO;
				PRODUCT_NAME = "$(TARGET_NAME)";
				SDKROOT = macosx;
			};
			name = Release;
		};
		F40AB5BF197DE209008EC959 /* Debug */ = {
			isa = XCBuildConfiguration;
			buildSettings = {
				ALWAYS_SEARCH_USER_PATHS = NO;
				CLANG_CXX_LANGUAGE_STANDARD = "gnu++0x";
				CLANG_CXX_LIBRARY = "libc++";
				CLANG_ENABLE_MODULES = YES;
				CLANG_ENABLE_OBJC_ARC = YES;
				CLANG_WARN_BOOL_CONVERSION = YES;
				CLANG_WARN_CONSTANT_CONVERSION = YES;
				CLANG_WARN_DIRECT_OBJC_ISA_USAGE = YES_ERROR;
				CLANG_WARN_EMPTY_BODY = YES;
				CLANG_WARN_ENUM_CONVERSION = YES;
				CLANG_WARN_INT_CONVERSION = YES;
				CLANG_WARN_OBJC_ROOT_CLASS = YES_ERROR;
				CLANG_WARN__DUPLICATE_METHOD_MATCH = YES;
				"CODE_SIGN_IDENTITY[sdk=iphoneos*]" = "iPhone Developer";
				COPY_PHASE_STRIP = NO;
				GCC_C_LANGUAGE_STANDARD = gnu99;
				GCC_DYNAMIC_NO_PIC = NO;
				GCC_OPTIMIZATION_LEVEL = 0;
				GCC_PREPROCESSOR_DEFINITIONS = (
					"DEBUG=1",
					"$(inherited)",
				);
				GCC_SYMBOLS_PRIVATE_EXTERN = NO;
				GCC_WARN_64_TO_32_BIT_CONVERSION = YES;
				GCC_WARN_ABOUT_RETURN_TYPE = YES_ERROR;
				GCC_WARN_UNDECLARED_SELECTOR = YES;
				GCC_WARN_UNINITIALIZED_AUTOS = YES_AGGRESSIVE;
				GCC_WARN_UNUSED_FUNCTION = YES;
				GCC_WARN_UNUSED_VARIABLE = YES;
				IPHONEOS_DEPLOYMENT_TARGET = 7.0;
				ONLY_ACTIVE_ARCH = YES;
				SDKROOT = iphoneos;
			};
			name = Debug;
		};
		F40AB5C0197DE209008EC959 /* Release */ = {
			isa = XCBuildConfiguration;
			buildSettings = {
				ALWAYS_SEARCH_USER_PATHS = NO;
				CLANG_CXX_LANGUAGE_STANDARD = "gnu++0x";
				CLANG_CXX_LIBRARY = "libc++";
				CLANG_ENABLE_MODULES = YES;
				CLANG_ENABLE_OBJC_ARC = YES;
				CLANG_WARN_BOOL_CONVERSION = YES;
				CLANG_WARN_CONSTANT_CONVERSION = YES;
				CLANG_WARN_DIRECT_OBJC_ISA_USAGE = YES_ERROR;
				CLANG_WARN_EMPTY_BODY = YES;
				CLANG_WARN_ENUM_CONVERSION = YES;
				CLANG_WARN_INT_CONVERSION = YES;
				CLANG_WARN_OBJC_ROOT_CLASS = YES_ERROR;
				CLANG_WARN__DUPLICATE_METHOD_MATCH = YES;
				"CODE_SIGN_IDENTITY[sdk=iphoneos*]" = "iPhone Developer";
				COPY_PHASE_STRIP = YES;
				ENABLE_NS_ASSERTIONS = NO;
				GCC_C_LANGUAGE_STANDARD = gnu99;
				GCC_WARN_64_TO_32_BIT_CONVERSION = YES;
				GCC_WARN_ABOUT_RETURN_TYPE = YES_ERROR;
				GCC_WARN_UNDECLARED_SELECTOR = YES;
				GCC_WARN_UNINITIALIZED_AUTOS = YES_AGGRESSIVE;
				GCC_WARN_UNUSED_FUNCTION = YES;
				GCC_WARN_UNUSED_VARIABLE = YES;
				IPHONEOS_DEPLOYMENT_TARGET = 7.0;
				SDKROOT = iphoneos;
				VALIDATE_PRODUCT = YES;
			};
			name = Release;
		};
/* End XCBuildConfiguration section */

/* Begin XCConfigurationList section */
		5DFC87AC1A75E4470037972D /* Build configuration list for PBXNativeTarget "test" */ = {
			isa = XCConfigurationList;
			buildConfigurations = (
				5DFC87AD1A75E4470037972D /* Debug */,
				5DFC87AE1A75E4470037972D /* Release */,
			);
			defaultConfigurationIsVisible = 0;
		};
		F40AB58A197DE209008EC959 /* Build configuration list for PBXProject "BFPaperCheckbox" */ = {
			isa = XCConfigurationList;
			buildConfigurations = (
				F40AB5BF197DE209008EC959 /* Debug */,
				F40AB5C0197DE209008EC959 /* Release */,
			);
			defaultConfigurationIsVisible = 0;
			defaultConfigurationName = Release;
		};
/* End XCConfigurationList section */
	};
	rootObject = F40AB587197DE209008EC959 /* Project object */;
}
